// !$*UTF8*$!
{
	archiveVersion = 1;
	classes = {
	};
	objectVersion = 46;
	objects = {

/* Begin PBXBuildFile section */
		438D0DBB1A72C65400F4399F /* main.m in Sources */ = {isa = PBXBuildFile; fileRef = 438D0DBA1A72C65400F4399F /* main.m */; };
		438D0DBE1A72C65400F4399F /* AppDelegate.m in Sources */ = {isa = PBXBuildFile; fileRef = 438D0DBD1A72C65400F4399F /* AppDelegate.m */; };
		438D0DC41A72C65400F4399F /* Main.storyboard in Resources */ = {isa = PBXBuildFile; fileRef = 438D0DC21A72C65400F4399F /* Main.storyboard */; };
		438D0DC61A72C65400F4399F /* Images.xcassets in Resources */ = {isa = PBXBuildFile; fileRef = 438D0DC51A72C65400F4399F /* Images.xcassets */; };
		438D0DC91A72C65400F4399F /* LaunchScreen.xib in Resources */ = {isa = PBXBuildFile; fileRef = 438D0DC71A72C65400F4399F /* LaunchScreen.xib */; };
		438D0DD51A72C65400F4399F /* DreamCatcherTests.m in Sources */ = {isa = PBXBuildFile; fileRef = 438D0DD41A72C65400F4399F /* DreamCatcherTests.m */; };
		438D0DE01A72C79700F4399F /* ListViewController.m in Sources */ = {isa = PBXBuildFile; fileRef = 438D0DDF1A72C79700F4399F /* ListViewController.m */; };
		439FBAF11A72F9EC0061DA40 /* DetailViewController.m in Sources */ = {isa = PBXBuildFile; fileRef = 439FBAF01A72F9EC0061DA40 /* DetailViewController.m */; };
/* End PBXBuildFile section */

/* Begin PBXContainerItemProxy section */
		438D0DCF1A72C65400F4399F /* PBXContainerItemProxy */ = {
			isa = PBXContainerItemProxy;
			containerPortal = 438D0DAD1A72C65300F4399F /* Project object */;
			proxyType = 1;
			remoteGlobalIDString = 438D0DB41A72C65400F4399F;
			remoteInfo = DreamCatcher;
		};
/* End PBXContainerItemProxy section */

/* Begin PBXFileReference section */
		438D0DB51A72C65400F4399F /* DreamCatcher.app */ = {isa = PBXFileReference; explicitFileType = wrapper.application; includeInIndex = 0; path = DreamCatcher.app; sourceTree = BUILT_PRODUCTS_DIR; };
		438D0DB91A72C65400F4399F /* Info.plist */ = {isa = PBXFileReference; lastKnownFileType = text.plist.xml; path = Info.plist; sourceTree = "<group>"; };
		438D0DBA1A72C65400F4399F /* main.m */ = {isa = PBXFileReference; lastKnownFileType = sourcecode.c.objc; path = main.m; sourceTree = "<group>"; };
		438D0DBC1A72C65400F4399F /* AppDelegate.h */ = {isa = PBXFileReference; lastKnownFileType = sourcecode.c.h; path = AppDelegate.h; sourceTree = "<group>"; };
		438D0DBD1A72C65400F4399F /* AppDelegate.m */ = {isa = PBXFileReference; lastKnownFileType = sourcecode.c.objc; path = AppDelegate.m; sourceTree = "<group>"; };
		438D0DC31A72C65400F4399F /* Base */ = {isa = PBXFileReference; lastKnownFileType = file.storyboard; name = Base; path = Base.lproj/Main.storyboard; sourceTree = "<group>"; };
		438D0DC51A72C65400F4399F /* Images.xcassets */ = {isa = PBXFileReference; lastKnownFileType = folder.assetcatalog; path = Images.xcassets; sourceTree = "<group>"; };
		438D0DC81A72C65400F4399F /* Base */ = {isa = PBXFileReference; lastKnownFileType = file.xib; name = Base; path = Base.lproj/LaunchScreen.xib; sourceTree = "<group>"; };
		438D0DCE1A72C65400F4399F /* DreamCatcherTests.xctest */ = {isa = PBXFileReference; explicitFileType = wrapper.cfbundle; includeInIndex = 0; path = DreamCatcherTests.xctest; sourceTree = BUILT_PRODUCTS_DIR; };
		438D0DD31A72C65400F4399F /* Info.plist */ = {isa = PBXFileReference; lastKnownFileType = text.plist.xml; path = Info.plist; sourceTree = "<group>"; };
		438D0DD41A72C65400F4399F /* DreamCatcherTests.m */ = {isa = PBXFileReference; lastKnownFileType = sourcecode.c.objc; path = DreamCatcherTests.m; sourceTree = "<group>"; };
		438D0DDE1A72C79700F4399F /* ListViewController.h */ = {isa = PBXFileReference; fileEncoding = 4; lastKnownFileType = sourcecode.c.h; path = ListViewController.h; sourceTree = "<group>"; };
		438D0DDF1A72C79700F4399F /* ListViewController.m */ = {isa = PBXFileReference; fileEncoding = 4; lastKnownFileType = sourcecode.c.objc; path = ListViewController.m; sourceTree = "<group>"; };
		439FBAEF1A72F9EC0061DA40 /* DetailViewController.h */ = {isa = PBXFileReference; fileEncoding = 4; lastKnownFileType = sourcecode.c.h; path = DetailViewController.h; sourceTree = "<group>"; };
		439FBAF01A72F9EC0061DA40 /* DetailViewController.m */ = {isa = PBXFileReference; fileEncoding = 4; lastKnownFileType = sourcecode.c.objc; path = DetailViewController.m; sourceTree = "<group>"; };
/* End PBXFileReference section */

/* Begin PBXFrameworksBuildPhase section */
		438D0DB21A72C65400F4399F /* Frameworks */ = {
			isa = PBXFrameworksBuildPhase;
			buildActionMask = 2147483647;
			files = (
			);
			runOnlyForDeploymentPostprocessing = 0;
		};
		438D0DCB1A72C65400F4399F /* Frameworks */ = {
			isa = PBXFrameworksBuildPhase;
			buildActionMask = 2147483647;
			files = (
			);
			runOnlyForDeploymentPostprocessing = 0;
		};
/* End PBXFrameworksBuildPhase section */

/* Begin PBXGroup section */
		438D0DAC1A72C65300F4399F = {
			isa = PBXGroup;
			children = (
				438D0DB71A72C65400F4399F /* DreamCatcher */,
				438D0DD11A72C65400F4399F /* DreamCatcherTests */,
				438D0DB61A72C65400F4399F /* Products */,
			);
			sourceTree = "<group>";
		};
		438D0DB61A72C65400F4399F /* Products */ = {
			isa = PBXGroup;
			children = (
				438D0DB51A72C65400F4399F /* DreamCatcher.app */,
				438D0DCE1A72C65400F4399F /* DreamCatcherTests.xctest */,
			);
			name = Products;
			sourceTree = "<group>";
		};
		438D0DB71A72C65400F4399F /* DreamCatcher */ = {
			isa = PBXGroup;
			children = (
				438D0DBC1A72C65400F4399F /* AppDelegate.h */,
				438D0DBD1A72C65400F4399F /* AppDelegate.m */,
				438D0DDE1A72C79700F4399F /* ListViewController.h */,
				438D0DDF1A72C79700F4399F /* ListViewController.m */,
				438D0DC21A72C65400F4399F /* Main.storyboard */,
				439FBAEF1A72F9EC0061DA40 /* DetailViewController.h */,
				439FBAF01A72F9EC0061DA40 /* DetailViewController.m */,
				438D0DC51A72C65400F4399F /* Images.xcassets */,
				438D0DC71A72C65400F4399F /* LaunchScreen.xib */,
				438D0DB81A72C65400F4399F /* Supporting Files */,
			);
			path = DreamCatcher;
			sourceTree = "<group>";
		};
		438D0DB81A72C65400F4399F /* Supporting Files */ = {
			isa = PBXGroup;
			children = (
				438D0DB91A72C65400F4399F /* Info.plist */,
				438D0DBA1A72C65400F4399F /* main.m */,
			);
			name = "Supporting Files";
			sourceTree = "<group>";
		};
		438D0DD11A72C65400F4399F /* DreamCatcherTests */ = {
			isa = PBXGroup;
			children = (
				438D0DD41A72C65400F4399F /* DreamCatcherTests.m */,
				438D0DD21A72C65400F4399F /* Supporting Files */,
			);
			path = DreamCatcherTests;
			sourceTree = "<group>";
		};
		438D0DD21A72C65400F4399F /* Supporting Files */ = {
			isa = PBXGroup;
			children = (
				438D0DD31A72C65400F4399F /* Info.plist */,
			);
			name = "Supporting Files";
			sourceTree = "<group>";
		};
/* End PBXGroup section */

/* Begin PBXNativeTarget section */
		438D0DB41A72C65400F4399F /* DreamCatcher */ = {
			isa = PBXNativeTarget;
			buildConfigurationList = 438D0DD81A72C65400F4399F /* Build configuration list for PBXNativeTarget "DreamCatcher" */;
			buildPhases = (
				438D0DB11A72C65400F4399F /* Sources */,
				438D0DB21A72C65400F4399F /* Frameworks */,
				438D0DB31A72C65400F4399F /* Resources */,
			);
			buildRules = (
			);
			dependencies = (
			);
			name = DreamCatcher;
			productName = DreamCatcher;
			productReference = 438D0DB51A72C65400F4399F /* DreamCatcher.app */;
			productType = "com.apple.product-type.application";
		};
		438D0DCD1A72C65400F4399F /* DreamCatcherTests */ = {
			isa = PBXNativeTarget;
			buildConfigurationList = 438D0DDB1A72C65400F4399F /* Build configuration list for PBXNativeTarget "DreamCatcherTests" */;
			buildPhases = (
				438D0DCA1A72C65400F4399F /* Sources */,
				438D0DCB1A72C65400F4399F /* Frameworks */,
				438D0DCC1A72C65400F4399F /* Resources */,
			);
			buildRules = (
			);
			dependencies = (
				438D0DD01A72C65400F4399F /* PBXTargetDependency */,
			);
			name = DreamCatcherTests;
			productName = DreamCatcherTests;
			productReference = 438D0DCE1A72C65400F4399F /* DreamCatcherTests.xctest */;
			productType = "com.apple.product-type.bundle.unit-test";
		};
/* End PBXNativeTarget section */

/* Begin PBXProject section */
		438D0DAD1A72C65300F4399F /* Project object */ = {
			isa = PBXProject;
			attributes = {
				LastUpgradeCheck = 0620;
				ORGANIZATIONNAME = "Anthony Dagati";
				TargetAttributes = {
					438D0DB41A72C65400F4399F = {
						CreatedOnToolsVersion = 6.2;
					};
					438D0DCD1A72C65400F4399F = {
						CreatedOnToolsVersion = 6.2;
						TestTargetID = 438D0DB41A72C65400F4399F;
					};
				};
			};
			buildConfigurationList = 438D0DB01A72C65300F4399F /* Build configuration list for PBXProject "DreamCatcher" */;
			compatibilityVersion = "Xcode 3.2";
			developmentRegion = English;
			hasScannedForEncodings = 0;
			knownRegions = (
				en,
				Base,
			);
			mainGroup = 438D0DAC1A72C65300F4399F;
			productRefGroup = 438D0DB61A72C65400F4399F /* Products */;
			projectDirPath = "";
			projectRoot = "";
			targets = (
				438D0DB41A72C65400F4399F /* DreamCatcher */,
				438D0DCD1A72C65400F4399F /* DreamCatcherTests */,
			);
		};
/* End PBXProject section */

/* Begin PBXResourcesBuildPhase section */
		438D0DB31A72C65400F4399F /* Resources */ = {
			isa = PBXResourcesBuildPhase;
			buildActionMask = 2147483647;
			files = (
				438D0DC41A72C65400F4399F /* Main.storyboard in Resources */,
				438D0DC91A72C65400F4399F /* LaunchScreen.xib in Resources */,
				438D0DC61A72C65400F4399F /* Images.xcassets in Resources */,
			);
			runOnlyForDeploymentPostprocessing = 0;
		};
		438D0DCC1A72C65400F4399F /* Resources */ = {
			isa = PBXResourcesBuildPhase;
			buildActionMask = 2147483647;
			files = (
			);
			runOnlyForDeploymentPostprocessing = 0;
		};
/* End PBXResourcesBuildPhase section */

/* Begin PBXSourcesBuildPhase section */
		438D0DB11A72C65400F4399F /* Sources */ = {
			isa = PBXSourcesBuildPhase;
			buildActionMask = 2147483647;
			files = (
				438D0DBE1A72C65400F4399F /* AppDelegate.m in Sources */,
				438D0DBB1A72C65400F4399F /* main.m in Sources */,
				438D0DE01A72C79700F4399F /* ListViewController.m in Sources */,
				439FBAF11A72F9EC0061DA40 /* DetailViewController.m in Sources */,
			);
			runOnlyForDeploymentPostprocessing = 0;
		};
		438D0DCA1A72C65400F4399F /* Sources */ = {
			isa = PBXSourcesBuildPhase;
			buildActionMask = 2147483647;
			files = (
				438D0DD51A72C65400F4399F /* DreamCatcherTests.m in Sources */,
			);
			runOnlyForDeploymentPostprocessing = 0;
		};
/* End PBXSourcesBuildPhase section */

/* Begin PBXTargetDependency section */
		438D0DD01A72C65400F4399F /* PBXTargetDependency */ = {
			isa = PBXTargetDependency;
			target = 438D0DB41A72C65400F4399F /* DreamCatcher */;
			targetProxy = 438D0DCF1A72C65400F4399F /* PBXContainerItemProxy */;
		};
/* End PBXTargetDependency section */

/* Begin PBXVariantGroup section */
		438D0DC21A72C65400F4399F /* Main.storyboard */ = {
			isa = PBXVariantGroup;
			children = (
				438D0DC31A72C65400F4399F /* Base */,
			);
			name = Main.storyboard;
			sourceTree = "<group>";
		};
		438D0DC71A72C65400F4399F /* LaunchScreen.xib */ = {
			isa = PBXVariantGroup;
			children = (
				438D0DC81A72C65400F4399F /* Base */,
			);
			name = LaunchScreen.xib;
			sourceTree = "<group>";
		};
/* End PBXVariantGroup section */

/* Begin XCBuildConfiguration section */
		438D0DD61A72C65400F4399F /* Debug */ = {
			isa = XCBuildConfiguration;
			buildSettings = {
				ALWAYS_SEARCH_USER_PATHS = NO;
				CLANG_CXX_LANGUAGE_STANDARD = "gnu++0x";
				CLANG_CXX_LIBRARY = "libc++";
				CLANG_ENABLE_MODULES = YES;
				CLANG_ENABLE_OBJC_ARC = YES;
				CLANG_WARN_BOOL_CONVERSION = YES;
				CLANG_WARN_CONSTANT_CONVERSION = YES;
				CLANG_WARN_DIRECT_OBJC_ISA_USAGE = YES_ERROR;
				CLANG_WARN_EMPTY_BODY = YES;
				CLANG_WARN_ENUM_CONVERSION = YES;
				CLANG_WARN_INT_CONVERSION = YES;
				CLANG_WARN_OBJC_ROOT_CLASS = YES_ERROR;
				CLANG_WARN_UNREACHABLE_CODE = YES;
				CLANG_WARN__DUPLICATE_METHOD_MATCH = YES;
				"CODE_SIGN_IDENTITY[sdk=iphoneos*]" = "iPhone Developer";
				COPY_PHASE_STRIP = NO;
				ENABLE_STRICT_OBJC_MSGSEND = YES;
				GCC_C_LANGUAGE_STANDARD = gnu99;
				GCC_DYNAMIC_NO_PIC = NO;
				GCC_OPTIMIZATION_LEVEL = 0;
				GCC_PREPROCESSOR_DEFINITIONS = (
					"DEBUG=1",
					"$(inherited)",
				);
				GCC_SYMBOLS_PRIVATE_EXTERN = NO;
				GCC_WARN_64_TO_32_BIT_CONVERSION = YES;
				GCC_WARN_ABOUT_RETURN_TYPE = YES_ERROR;
				GCC_WARN_UNDECLARED_SELECTOR = YES;
				GCC_WARN_UNINITIALIZED_AUTOS = YES_AGGRESSIVE;
				GCC_WARN_UNUSED_FUNCTION = YES;
				GCC_WARN_UNUSED_VARIABLE = YES;
				IPHONEOS_DEPLOYMENT_TARGET = 8.2;
				MTL_ENABLE_DEBUG_INFO = YES;
				ONLY_ACTIVE_ARCH = YES;
				SDKROOT = iphoneos;
			};
			name = Debug;
		};
		438D0DD71A72C65400F4399F /* Release */ = {
			isa = XCBuildConfiguration;
			buildSettings = {
				ALWAYS_SEARCH_USER_PATHS = NO;
				CLANG_CXX_LANGUAGE_STANDARD = "gnu++0x";
				CLANG_CXX_LIBRARY = "libc++";
				CLANG_ENABLE_MODULES = YES;
				CLANG_ENABLE_OBJC_ARC = YES;
				CLANG_WARN_BOOL_CONVERSION = YES;
				CLANG_WARN_CONSTANT_CONVERSION = YES;
				CLANG_WARN_DIRECT_OBJC_ISA_USAGE = YES_ERROR;
				CLANG_WARN_EMPTY_BODY = YES;
				CLANG_WARN_ENUM_CONVERSION = YES;
				CLANG_WARN_INT_CONVERSION = YES;
				CLANG_WARN_OBJC_ROOT_CLASS = YES_ERROR;
				CLANG_WARN_UNREACHABLE_CODE = YES;
				CLANG_WARN__DUPLICATE_METHOD_MATCH = YES;
				"CODE_SIGN_IDENTITY[sdk=iphoneos*]" = "iPhone Developer";
				COPY_PHASE_STRIP = NO;
				ENABLE_NS_ASSERTIONS = NO;
				ENABLE_STRICT_OBJC_MSGSEND = YES;
				GCC_C_LANGUAGE_STANDARD = gnu99;
				GCC_WARN_64_TO_32_BIT_CONVERSION = YES;
				GCC_WARN_ABOUT_RETURN_TYPE = YES_ERROR;
				GCC_WARN_UNDECLARED_SELECTOR = YES;
				GCC_WARN_UNINITIALIZED_AUTOS = YES_AGGRESSIVE;
				GCC_WARN_UNUSED_FUNCTION = YES;
				GCC_WARN_UNUSED_VARIABLE = YES;
				IPHONEOS_DEPLOYMENT_TARGET = 8.2;
				MTL_ENABLE_DEBUG_INFO = NO;
				SDKROOT = iphoneos;
				VALIDATE_PRODUCT = YES;
			};
			name = Release;
		};
		438D0DD91A72C65400F4399F /* Debug */ = {
			isa = XCBuildConfiguration;
			buildSettings = {
				ASSETCATALOG_COMPILER_APPICON_NAME = AppIcon;
				INFOPLIST_FILE = DreamCatcher/Info.plist;
				LD_RUNPATH_SEARCH_PATHS = "$(inherited) @executable_path/Frameworks";
				PRODUCT_NAME = "$(TARGET_NAME)";
			};
			name = Debug;
		};
		438D0DDA1A72C65400F4399F /* Release */ = {
			isa = XCBuildConfiguration;
			buildSettings = {
				ASSETCATALOG_COMPILER_APPICON_NAME = AppIcon;
				INFOPLIST_FILE = DreamCatcher/Info.plist;
				LD_RUNPATH_SEARCH_PATHS = "$(inherited) @executable_path/Frameworks";
				PRODUCT_NAME = "$(TARGET_NAME)";
			};
			name = Release;
		};
		438D0DDC1A72C65400F4399F /* Debug */ = {
			isa = XCBuildConfiguration;
			buildSettings = {
				BUNDLE_LOADER = "$(TEST_HOST)";
				FRAMEWORK_SEARCH_PATHS = (
					"$(SDKROOT)/Developer/Library/Frameworks",
					"$(inherited)",
				);
				GCC_PREPROCESSOR_DEFINITIONS = (
					"DEBUG=1",
					"$(inherited)",
				);
				INFOPLIST_FILE = DreamCatcherTests/Info.plist;
				LD_RUNPATH_SEARCH_PATHS = "$(inherited) @executable_path/Frameworks @loader_path/Frameworks";
				PRODUCT_NAME = "$(TARGET_NAME)";
				TEST_HOST = "$(BUILT_PRODUCTS_DIR)/DreamCatcher.app/DreamCatcher";
			};
			name = Debug;
		};
		438D0DDD1A72C65400F4399F /* Release */ = {
			isa = XCBuildConfiguration;
			buildSettings = {
				BUNDLE_LOADER = "$(TEST_HOST)";
				FRAMEWORK_SEARCH_PATHS = (
					"$(SDKROOT)/Developer/Library/Frameworks",
					"$(inherited)",
				);
				INFOPLIST_FILE = DreamCatcherTests/Info.plist;
				LD_RUNPATH_SEARCH_PATHS = "$(inherited) @executable_path/Frameworks @loader_path/Frameworks";
				PRODUCT_NAME = "$(TARGET_NAME)";
				TEST_HOST = "$(BUILT_PRODUCTS_DIR)/DreamCatcher.app/DreamCatcher";
			};
			name = Release;
		};
/* End XCBuildConfiguration section */

/* Begin XCConfigurationList section */
		438D0DB01A72C65300F4399F /* Build configuration list for PBXProject "DreamCatcher" */ = {
			isa = XCConfigurationList;
			buildConfigurations = (
				438D0DD61A72C65400F4399F /* Debug */,
				438D0DD71A72C65400F4399F /* Release */,
			);
			defaultConfigurationIsVisible = 0;
			defaultConfigurationName = Release;
		};
		438D0DD81A72C65400F4399F /* Build configuration list for PBXNativeTarget "DreamCatcher" */ = {
			isa = XCConfigurationList;
			buildConfigurations = (
				438D0DD91A72C65400F4399F /* Debug */,
				438D0DDA1A72C65400F4399F /* Release */,
			);
			defaultConfigurationIsVisible = 0;
			defaultConfigurationName = Release;
		};
		438D0DDB1A72C65400F4399F /* Build configuration list for PBXNativeTarget "DreamCatcherTests" */ = {
			isa = XCConfigurationList;
			buildConfigurations = (
				438D0DDC1A72C65400F4399F /* Debug */,
				438D0DDD1A72C65400F4399F /* Release */,
			);
			defaultConfigurationIsVisible = 0;
			defaultConfigurationName = Release;
		};
/* End XCConfigurationList section */
	};
	rootObject = 438D0DAD1A72C65300F4399F /* Project object */;
}
